{
  "version": 4,
  "terraform_version": "1.16.2",
  "serial": 4,
  "lineage": "b4a9d837-b83b-ac9f-19fe-ccf48e2c52b0",
  "outputs": {},
  "resources": [
    {
      "mode": "managed",
      "type": "google_compute_network",
      "name": "myvpc",
      "provider": "provider[\"registry.terraform.io/hashicorp/google\"]",
      "instances": [
        {
          "schema_version": 0,
          "attributes": {
            "auto_create_subnetworks": false,
            "bgp_always_compare_med": false,
            "bgp_best_path_selection_mode": "LEGACY",
            "bgp_inter_region_cost": "",
            "delete_bgp_always_compare_med": false,
            "delete_default_routes_on_create": false,
            "deletion_policy": "DELETE",
            "description": "",
            "enable_ula_internal_ipv6": false,
            "gateway_ipv4": "",
            "id": "projects/darkfiber-terraform/global/networks/vpc1",
            "internal_ipv6_range": "",
            "mtu": 0,
            "name": "vpc1",
            "network_firewall_policy_enforcement_order": "AFTER_CLASSIC_FIREWALL",
            "network_id": "3690784525686555354",
            "network_profile": "",
            "numeric_id": "3690784525686555354",
            "params": [],
            "project": "darkfiber-terraform",
            "routing_mode": "REGIONAL",
            "self_link": "https://www.googleapis.com/compute/v1/projects/darkfiber-terraform/global/networks/vpc1",
            "timeouts": null
          },
          "sensitive_attributes": [],
          "identity_schema_version": 1,
          "identity": {
            "name": "vpc1",
            "project": "darkfiber-terraform"
          },
          "private": "eyJlMmJmYjczMC1lY2FhLTExZTYtOGY4OC0zNDM2M2JjN2M0YzAiOnsiY3JlYXRlIjoxMjAwMDAwMDAwMDAwLCJkZWxldGUiOjEyMDAwMDAwMDAwMDAsInVwZGF0ZSI6MTIwMDAwMDAwMDAwMH19"
        }
      ]
    },
    {
      "mode": "managed",
      "type": "google_compute_subnetwork",
      "name": "mysubnet",
      "provider": "provider[\"registry.terraform.io/hashicorp/google\"]",
      "instances": [
        {
          "schema_version": 0,
          "attributes": {
            "allow_subnet_cidr_routes_overlap": false,
            "creation_timestamp": "2026-09-11T06:04:14.103-07:00",
            "deletion_policy": "DELETE",
            "description": "",
            "external_ipv6_prefix": "",
            "fingerprint": null,
            "gateway_address": "10.128.0.1",
            "id": "projects/darkfiber-terraform/regions/us-central1/subnetworks/subnet1",
            "internal_ipv6_prefix": "",
            "ip_cidr_range": "10.128.0.0/20",
            "ip_collection": "",
            "ipv6_access_type": "",
            "ipv6_cidr_range": "",
            "ipv6_gce_endpoint": "",
            "log_config": [],
            "name": "subnet1",
            "network": "https://www.googleapis.com/compute/v1/projects/darkfiber-terraform/global/networks/vpc1",
            "params": [],
            "private_ip_google_access": false,
            "private_ipv6_google_access": "DISABLE_GOOGLE_ACCESS",
            "project": "darkfiber-terraform",
            "purpose": "PRIVATE",
            "region": "us-central1",
            "reserved_internal_range": "",
            "resolve_subnet_mask": "",
            "role": "",
            "secondary_ip_range": [],
            "self_link": "https://www.googleapis.com/compute/v1/projects/darkfiber-terraform/regions/us-central1/subnetworks/subnet1",
            "send_secondary_ip_range_if_empty": null,
            "stack_type": "IPV4_ONLY",
            "state": "",
            "subnetwork_id": 8865758726209815201,
            "timeouts": null
          },
          "sensitive_attributes": [],
          "identity_schema_version": 1,
          "identity": {
            "name": "subnet1",
            "project": "darkfiber-terraform",
            "region": "us-central1"
          },
          "private": "eyJlMmJmYjczMC1lY2FhLTExZTYtOGY4OC0zNDM2M2JjN2M0YzAiOnsiY3JlYXRlIjoxMjAwMDAwMDAwMDAwLCJkZWxldGUiOjEyMDAwMDAwMDAwMDAsInVwZGF0ZSI6MTIwMDAwMDAwMDAwMH19",
          "dependencies": [
            "google_compute_network.myvpc"
          ]
        }
      ]
    }
  ],
  "check_results": null
}
